// !$*UTF8*$!
{
	archiveVersion = 1;
	classes = {
	};
	objectVersion = 55;
	objects = {

/* Begin PBXBuildFile section */
		1B13007428CA444B00B0DD75 /* AppUpdateViewModel.swift in Sources */ = {isa = PBXBuildFile; fileRef = 1B13007328CA444B00B0DD75 /* AppUpdateViewModel.swift */; };
		1B24E61C28B28007004C0B71 /* ApplicationViewModel.swift in Sources */ = {isa = PBXBuildFile; fileRef = 1B24E61B28B28007004C0B71 /* ApplicationViewModel.swift */; };
		1B3731BA28B267E3009BEC55 /* Localizable.strings in Resources */ = {isa = PBXBuildFile; fileRef = 1B3731BC28B267E3009BEC55 /* Localizable.strings */; };
		1B868FFE28AABD7F00A3BB13 /* QuitRunningApps.swift in Sources */ = {isa = PBXBuildFile; fileRef = 1B868FFD28AABD7F00A3BB13 /* QuitRunningApps.swift */; };
		1B86900028AABD7F00A3BB13 /* ApplicationView.swift in Sources */ = {isa = PBXBuildFile; fileRef = 1B868FFF28AABD7F00A3BB13 /* ApplicationView.swift */; };
		1B86900228AABD8000A3BB13 /* Assets.xcassets in Resources */ = {isa = PBXBuildFile; fileRef = 1B86900128AABD8000A3BB13 /* Assets.xcassets */; };
		1B86900528AABD8000A3BB13 /* Preview Assets.xcassets in Resources */ = {isa = PBXBuildFile; fileRef = 1B86900428AABD8000A3BB13 /* Preview Assets.xcassets */; };
		1B8A88EC2B8F5F970090B6BA /* Settings.svg in Resources */ = {isa = PBXBuildFile; fileRef = 1B8A88E92B8F5F970090B6BA /* Settings.svg */; };
		1B8A88ED2B8F5F970090B6BA /* App.svg in Resources */ = {isa = PBXBuildFile; fileRef = 1B8A88EA2B8F5F970090B6BA /* App.svg */; };
		1B8A88EE2B8F5F970090B6BA /* AppIcon.svg in Resources */ = {isa = PBXBuildFile; fileRef = 1B8A88EB2B8F5F970090B6BA /* AppIcon.svg */; };
		1BACAFD728C13B8D003F889D /* Constants.swift in Sources */ = {isa = PBXBuildFile; fileRef = 1BACAFD628C13B8D003F889D /* Constants.swift */; };
		1BACAFD928C13CFE003F889D /* Functions.swift in Sources */ = {isa = PBXBuildFile; fileRef = 1BACAFD828C13CFE003F889D /* Functions.swift */; };
		1BB5137028C268DA00A11AD4 /* SettingsView.swift in Sources */ = {isa = PBXBuildFile; fileRef = 1BB5136F28C268DA00A11AD4 /* SettingsView.swift */; };
		1BE51F9A28C3362F001167D5 /* SettingsViewModel.swift in Sources */ = {isa = PBXBuildFile; fileRef = 1BE51F9928C3362F001167D5 /* SettingsViewModel.swift */; };
		1BE7C1F228CCEFB5005BB45D /* Date.swift in Sources */ = {isa = PBXBuildFile; fileRef = 1BE7C1F128CCEFB5005BB45D /* Date.swift */; };
		1BE7C1F428CCEFD8005BB45D /* Calendar.swift in Sources */ = {isa = PBXBuildFile; fileRef = 1BE7C1F328CCEFD8005BB45D /* Calendar.swift */; };
		1BE7C1F628CCF008005BB45D /* Bundle.swift in Sources */ = {isa = PBXBuildFile; fileRef = 1BE7C1F528CCF008005BB45D /* Bundle.swift */; };
		1BE7C1F928CCF040005BB45D /* Application.swift in Sources */ = {isa = PBXBuildFile; fileRef = 1BE7C1F828CCF040005BB45D /* Application.swift */; };
		1BE7C1FB28CCF0D1005BB45D /* Version.swift in Sources */ = {isa = PBXBuildFile; fileRef = 1BE7C1FA28CCF0D1005BB45D /* Version.swift */; };
		1BE7C1FE28CCF39D005BB45D /* WebService.swift in Sources */ = {isa = PBXBuildFile; fileRef = 1BE7C1FD28CCF39D005BB45D /* WebService.swift */; };
		1BECD00C2C5CDDEB001EC6A1 /* QuitRunningApps Social Preview.png in Resources */ = {isa = PBXBuildFile; fileRef = 1BECD00A2C5CDDEB001EC6A1 /* QuitRunningApps Social Preview.png */; };
		1BECD00D2C5CDDEB001EC6A1 /* QuitRunningApps Screenshot.png in Resources */ = {isa = PBXBuildFile; fileRef = 1BECD00B2C5CDDEB001EC6A1 /* QuitRunningApps Screenshot.png */; };
		1BECD00F2C5CE086001EC6A1 /* QuitRunningApps Screenshot.pxd in Resources */ = {isa = PBXBuildFile; fileRef = 1BECD00E2C5CE086001EC6A1 /* QuitRunningApps Screenshot.pxd */; };
		1BECD0122C5CE56B001EC6A1 /* Closing Word.pxd in Resources */ = {isa = PBXBuildFile; fileRef = 1BECD0102C5CE56B001EC6A1 /* Closing Word.pxd */; };
		1BECD0132C5CE56B001EC6A1 /* Closing Word.png in Resources */ = {isa = PBXBuildFile; fileRef = 1BECD0112C5CE56B001EC6A1 /* Closing Word.png */; };
		1BECD0162C5CE713001EC6A1 /* QuitRunningApps Preferences.pxd in Resources */ = {isa = PBXBuildFile; fileRef = 1BECD0142C5CE713001EC6A1 /* QuitRunningApps Preferences.pxd */; };
		1BECD0172C5CE713001EC6A1 /* QuitRunningApps Preferences.png in Resources */ = {isa = PBXBuildFile; fileRef = 1BECD0152C5CE713001EC6A1 /* QuitRunningApps Preferences.png */; };
		1BECD0192C5CEBF5001EC6A1 /* Unidentified Developer.png in Resources */ = {isa = PBXBuildFile; fileRef = 1BECD0182C5CEBF5001EC6A1 /* Unidentified Developer.png */; };
		1BF01C2228C8FBFD00AD9805 /* Credits.html in Resources */ = {isa = PBXBuildFile; fileRef = 1BF01C2128C8FBFD00AD9805 /* Credits.html */; };
		1BF1FE4928D2414E005D85C4 /* FileBrowser.swift in Sources */ = {isa = PBXBuildFile; fileRef = 1BF1FE4828D2414E005D85C4 /* FileBrowser.swift */; };
/* End PBXBuildFile section */

/* Begin PBXFileReference section */
		1B0A9F8928C667940044F991 /* create_dmg_command.txt */ = {isa = PBXFileReference; lastKnownFileType = text; path = create_dmg_command.txt; sourceTree = "<group>"; };
		1B13006E28CA437F00B0DD75 /* versions.json */ = {isa = PBXFileReference; fileEncoding = 4; lastKnownFileType = text.json; path = versions.json; sourceTree = "<group>"; };
		1B13007328CA444B00B0DD75 /* AppUpdateViewModel.swift */ = {isa = PBXFileReference; lastKnownFileType = sourcecode.swift; path = AppUpdateViewModel.swift; sourceTree = "<group>"; };
		1B24E61B28B28007004C0B71 /* ApplicationViewModel.swift */ = {isa = PBXFileReference; lastKnownFileType = sourcecode.swift; path = ApplicationViewModel.swift; sourceTree = "<group>"; };
		1B3731BB28B267E3009BEC55 /* en */ = {isa = PBXFileReference; lastKnownFileType = text.plist.strings; name = en; path = en.lproj/Localizable.strings; sourceTree = "<group>"; };
		1B3731C028B26C69009BEC55 /* bg */ = {isa = PBXFileReference; lastKnownFileType = text.plist.strings; name = bg; path = bg.lproj/Localizable.strings; sourceTree = "<group>"; };
		1B789EC128BE18E500956971 /* README.md */ = {isa = PBXFileReference; fileEncoding = 4; lastKnownFileType = net.daringfireball.markdown; lineEnding = 0; path = README.md; sourceTree = "<group>"; };
		1B868FFA28AABD7F00A3BB13 /* QuitRunningApps.app */ = {isa = PBXFileReference; explicitFileType = wrapper.application; includeInIndex = 0; path = QuitRunningApps.app; sourceTree = BUILT_PRODUCTS_DIR; };
		1B868FFD28AABD7F00A3BB13 /* QuitRunningApps.swift */ = {isa = PBXFileReference; lastKnownFileType = sourcecode.swift; path = QuitRunningApps.swift; sourceTree = "<group>"; };
		1B868FFF28AABD7F00A3BB13 /* ApplicationView.swift */ = {isa = PBXFileReference; lastKnownFileType = sourcecode.swift; path = ApplicationView.swift; sourceTree = "<group>"; };
		1B86900128AABD8000A3BB13 /* Assets.xcassets */ = {isa = PBXFileReference; lastKnownFileType = folder.assetcatalog; path = Assets.xcassets; sourceTree = "<group>"; };
		1B86900428AABD8000A3BB13 /* Preview Assets.xcassets */ = {isa = PBXFileReference; lastKnownFileType = folder.assetcatalog; path = "Preview Assets.xcassets"; sourceTree = "<group>"; };
		1B86900628AABD8000A3BB13 /* QuitRunningApps.entitlements */ = {isa = PBXFileReference; lastKnownFileType = text.plist.entitlements; path = QuitRunningApps.entitlements; sourceTree = "<group>"; };
		1B8A88E92B8F5F970090B6BA /* Settings.svg */ = {isa = PBXFileReference; fileEncoding = 4; lastKnownFileType = text.xml; path = Settings.svg; sourceTree = "<group>"; };
		1B8A88EA2B8F5F970090B6BA /* App.svg */ = {isa = PBXFileReference; fileEncoding = 4; lastKnownFileType = text.xml; path = App.svg; sourceTree = "<group>"; };
		1B8A88EB2B8F5F970090B6BA /* AppIcon.svg */ = {isa = PBXFileReference; fileEncoding = 4; lastKnownFileType = text.xml; path = AppIcon.svg; sourceTree = "<group>"; };
		1BACAFD628C13B8D003F889D /* Constants.swift */ = {isa = PBXFileReference; lastKnownFileType = sourcecode.swift; path = Constants.swift; sourceTree = "<group>"; };
		1BACAFD828C13CFE003F889D /* Functions.swift */ = {isa = PBXFileReference; lastKnownFileType = sourcecode.swift; path = Functions.swift; sourceTree = "<group>"; };
		1BB4557C28D640A800BDFBF2 /* commands.txt */ = {isa = PBXFileReference; lastKnownFileType = text; path = commands.txt; sourceTree = "<group>"; };
		1BB5136F28C268DA00A11AD4 /* SettingsView.swift */ = {isa = PBXFileReference; lastKnownFileType = sourcecode.swift; path = SettingsView.swift; sourceTree = "<group>"; };
		1BC9FCA528CFA83000CDD457 /* Changes.rtf */ = {isa = PBXFileReference; lastKnownFileType = text.rtf; path = Changes.rtf; sourceTree = "<group>"; };
		1BE51F9928C3362F001167D5 /* SettingsViewModel.swift */ = {isa = PBXFileReference; lastKnownFileType = sourcecode.swift; path = SettingsViewModel.swift; sourceTree = "<group>"; };
		1BE7C1F128CCEFB5005BB45D /* Date.swift */ = {isa = PBXFileReference; lastKnownFileType = sourcecode.swift; path = Date.swift; sourceTree = "<group>"; };
		1BE7C1F328CCEFD8005BB45D /* Calendar.swift */ = {isa = PBXFileReference; lastKnownFileType = sourcecode.swift; path = Calendar.swift; sourceTree = "<group>"; };
		1BE7C1F528CCF008005BB45D /* Bundle.swift */ = {isa = PBXFileReference; lastKnownFileType = sourcecode.swift; path = Bundle.swift; sourceTree = "<group>"; };
		1BE7C1F828CCF040005BB45D /* Application.swift */ = {isa = PBXFileReference; lastKnownFileType = sourcecode.swift; path = Application.swift; sourceTree = "<group>"; };
		1BE7C1FA28CCF0D1005BB45D /* Version.swift */ = {isa = PBXFileReference; lastKnownFileType = sourcecode.swift; path = Version.swift; sourceTree = "<group>"; };
		1BE7C1FD28CCF39D005BB45D /* WebService.swift */ = {isa = PBXFileReference; lastKnownFileType = sourcecode.swift; path = WebService.swift; sourceTree = "<group>"; };
		1BECD00A2C5CDDEB001EC6A1 /* QuitRunningApps Social Preview.png */ = {isa = PBXFileReference; lastKnownFileType = image.png; path = "QuitRunningApps Social Preview.png"; sourceTree = "<group>"; };
		1BECD00B2C5CDDEB001EC6A1 /* QuitRunningApps Screenshot.png */ = {isa = PBXFileReference; lastKnownFileType = image.png; path = "QuitRunningApps Screenshot.png"; sourceTree = "<group>"; };
		1BECD00E2C5CE086001EC6A1 /* QuitRunningApps Screenshot.pxd */ = {isa = PBXFileReference; lastKnownFileType = file; path = "QuitRunningApps Screenshot.pxd"; sourceTree = "<group>"; };
		1BECD0102C5CE56B001EC6A1 /* Closing Word.pxd */ = {isa = PBXFileReference; lastKnownFileType = file; path = "Closing Word.pxd"; sourceTree = "<group>"; };
		1BECD0112C5CE56B001EC6A1 /* Closing Word.png */ = {isa = PBXFileReference; lastKnownFileType = image.png; path = "Closing Word.png"; sourceTree = "<group>"; };
		1BECD0142C5CE713001EC6A1 /* QuitRunningApps Preferences.pxd */ = {isa = PBXFileReference; lastKnownFileType = file; path = "QuitRunningApps Preferences.pxd"; sourceTree = "<group>"; };
		1BECD0152C5CE713001EC6A1 /* QuitRunningApps Preferences.png */ = {isa = PBXFileReference; lastKnownFileType = image.png; path = "QuitRunningApps Preferences.png"; sourceTree = "<group>"; };
		1BECD0182C5CEBF5001EC6A1 /* Unidentified Developer.png */ = {isa = PBXFileReference; lastKnownFileType = image.png; path = "Unidentified Developer.png"; sourceTree = "<group>"; };
		1BF01C2128C8FBFD00AD9805 /* Credits.html */ = {isa = PBXFileReference; fileEncoding = 4; lastKnownFileType = text.html; path = Credits.html; sourceTree = "<group>"; };
		1BF1FE4828D2414E005D85C4 /* FileBrowser.swift */ = {isa = PBXFileReference; lastKnownFileType = sourcecode.swift; path = FileBrowser.swift; sourceTree = "<group>"; };
/* End PBXFileReference section */

/* Begin PBXFrameworksBuildPhase section */
		1B868FF728AABD7F00A3BB13 /* Frameworks */ = {
			isa = PBXFrameworksBuildPhase;
			buildActionMask = 2147483647;
			files = (
			);
			runOnlyForDeploymentPostprocessing = 0;
		};
/* End PBXFrameworksBuildPhase section */

/* Begin PBXGroup section */
		1B0A9F8328C6665F0044F991 /* External Resources */ = {
			isa = PBXGroup;
			children = (
				1BECD0092C5CDDD0001EC6A1 /* Screenshots */,
				1B8A88EA2B8F5F970090B6BA /* App.svg */,
				1B8A88EB2B8F5F970090B6BA /* AppIcon.svg */,
				1B8A88E92B8F5F970090B6BA /* Settings.svg */,
			);
			path = "External Resources";
			sourceTree = "<group>";
		};
		1B13007228CA438400B0DD75 /* Miscellaneous */ = {
			isa = PBXGroup;
			children = (
				1BB4557C28D640A800BDFBF2 /* commands.txt */,
				1B0A9F8928C667940044F991 /* create_dmg_command.txt */,
				1B13006E28CA437F00B0DD75 /* versions.json */,
			);
			path = Miscellaneous;
			sourceTree = "<group>";
		};
		1B868FF128AABD7F00A3BB13 = {
			isa = PBXGroup;
			children = (
				1B868FFC28AABD7F00A3BB13 /* QuitRunningApps */,
				1B13007228CA438400B0DD75 /* Miscellaneous */,
				1B0A9F8328C6665F0044F991 /* External Resources */,
				1B789EC128BE18E500956971 /* README.md */,
				1BC9FCA528CFA83000CDD457 /* Changes.rtf */,
				1B868FFB28AABD7F00A3BB13 /* Products */,
			);
			sourceTree = "<group>";
		};
		1B868FFB28AABD7F00A3BB13 /* Products */ = {
			isa = PBXGroup;
			children = (
				1B868FFA28AABD7F00A3BB13 /* QuitRunningApps.app */,
			);
			name = Products;
			sourceTree = "<group>";
		};
		1B868FFC28AABD7F00A3BB13 /* QuitRunningApps */ = {
			isa = PBXGroup;
			children = (
				1BE7C1EF28CCECAD005BB45D /* Utils */,
				1BE7C1F028CCEF97005BB45D /* Extensions */,
				1BE7C1FC28CCF384005BB45D /* Services */,
				1BE7C1F728CCF02E005BB45D /* Models */,
				1BE7C20028CD09D7005BB45D /* View Models */,
				1B868FFD28AABD7F00A3BB13 /* QuitRunningApps.swift */,
				1B868FFF28AABD7F00A3BB13 /* ApplicationView.swift */,
				1BB5136F28C268DA00A11AD4 /* SettingsView.swift */,
				1B86900128AABD8000A3BB13 /* Assets.xcassets */,
				1B3731BC28B267E3009BEC55 /* Localizable.strings */,
				1BF01C2128C8FBFD00AD9805 /* Credits.html */,
				1B86900628AABD8000A3BB13 /* QuitRunningApps.entitlements */,
				1B86900328AABD8000A3BB13 /* Preview Content */,
			);
			path = QuitRunningApps;
			sourceTree = "<group>";
		};
		1B86900328AABD8000A3BB13 /* Preview Content */ = {
			isa = PBXGroup;
			children = (
				1B86900428AABD8000A3BB13 /* Preview Assets.xcassets */,
			);
			path = "Preview Content";
			sourceTree = "<group>";
		};
		1BE7C1EF28CCECAD005BB45D /* Utils */ = {
			isa = PBXGroup;
			children = (
				1BACAFD628C13B8D003F889D /* Constants.swift */,
				1BACAFD828C13CFE003F889D /* Functions.swift */,
			);
			path = Utils;
			sourceTree = "<group>";
		};
		1BE7C1F028CCEF97005BB45D /* Extensions */ = {
			isa = PBXGroup;
			children = (
				1BE7C1F128CCEFB5005BB45D /* Date.swift */,
				1BE7C1F328CCEFD8005BB45D /* Calendar.swift */,
				1BE7C1F528CCF008005BB45D /* Bundle.swift */,
			);
			path = Extensions;
			sourceTree = "<group>";
		};
		1BE7C1F728CCF02E005BB45D /* Models */ = {
			isa = PBXGroup;
			children = (
				1BE7C1F828CCF040005BB45D /* Application.swift */,
				1BE7C1FA28CCF0D1005BB45D /* Version.swift */,
			);
			path = Models;
			sourceTree = "<group>";
		};
		1BE7C1FC28CCF384005BB45D /* Services */ = {
			isa = PBXGroup;
			children = (
				1BE7C1FD28CCF39D005BB45D /* WebService.swift */,
				1BF1FE4828D2414E005D85C4 /* FileBrowser.swift */,
			);
			path = Services;
			sourceTree = "<group>";
		};
		1BE7C20028CD09D7005BB45D /* View Models */ = {
			isa = PBXGroup;
			children = (
				1B24E61B28B28007004C0B71 /* ApplicationViewModel.swift */,
				1B13007328CA444B00B0DD75 /* AppUpdateViewModel.swift */,
				1BE51F9928C3362F001167D5 /* SettingsViewModel.swift */,
			);
			path = "View Models";
			sourceTree = "<group>";
		};
		1BECD0092C5CDDD0001EC6A1 /* Screenshots */ = {
			isa = PBXGroup;
			children = (
				1BECD0182C5CEBF5001EC6A1 /* Unidentified Developer.png */,
				1BECD0152C5CE713001EC6A1 /* QuitRunningApps Preferences.png */,
				1BECD0142C5CE713001EC6A1 /* QuitRunningApps Preferences.pxd */,
				1BECD0112C5CE56B001EC6A1 /* Closing Word.png */,
				1BECD0102C5CE56B001EC6A1 /* Closing Word.pxd */,
				1BECD00E2C5CE086001EC6A1 /* QuitRunningApps Screenshot.pxd */,
				1BECD00B2C5CDDEB001EC6A1 /* QuitRunningApps Screenshot.png */,
				1BECD00A2C5CDDEB001EC6A1 /* QuitRunningApps Social Preview.png */,
			);
			path = Screenshots;
			sourceTree = "<group>";
		};
/* End PBXGroup section */

/* Begin PBXNativeTarget section */
		1B868FF928AABD7F00A3BB13 /* QuitRunningApps */ = {
			isa = PBXNativeTarget;
			buildConfigurationList = 1B86901F28AABD8000A3BB13 /* Build configuration list for PBXNativeTarget "QuitRunningApps" */;
			buildPhases = (
				1B868FF628AABD7F00A3BB13 /* Sources */,
				1B868FF728AABD7F00A3BB13 /* Frameworks */,
				1B868FF828AABD7F00A3BB13 /* Resources */,
			);
			buildRules = (
			);
			dependencies = (
			);
			name = QuitRunningApps;
			productName = QuitYourApps;
			productReference = 1B868FFA28AABD7F00A3BB13 /* QuitRunningApps.app */;
			productType = "com.apple.product-type.application";
		};
/* End PBXNativeTarget section */

/* Begin PBXProject section */
		1B868FF228AABD7F00A3BB13 /* Project object */ = {
			isa = PBXProject;
			attributes = {
				BuildIndependentTargetsInParallel = 1;
				LastSwiftUpdateCheck = 1340;
				LastUpgradeCheck = 1540;
				TargetAttributes = {
					1B868FF928AABD7F00A3BB13 = {
						CreatedOnToolsVersion = 13.4.1;
					};
				};
			};
			buildConfigurationList = 1B868FF528AABD7F00A3BB13 /* Build configuration list for PBXProject "QuitRunningApps" */;
			compatibilityVersion = "Xcode 13.0";
			developmentRegion = en;
			hasScannedForEncodings = 0;
			knownRegions = (
				en,
				Base,
				bg,
			);
			mainGroup = 1B868FF128AABD7F00A3BB13;
			productRefGroup = 1B868FFB28AABD7F00A3BB13 /* Products */;
			projectDirPath = "";
			projectRoot = "";
			targets = (
				1B868FF928AABD7F00A3BB13 /* QuitRunningApps */,
			);
		};
/* End PBXProject section */

/* Begin PBXResourcesBuildPhase section */
		1B868FF828AABD7F00A3BB13 /* Resources */ = {
			isa = PBXResourcesBuildPhase;
			buildActionMask = 2147483647;
			files = (
				1B86900528AABD8000A3BB13 /* Preview Assets.xcassets in Resources */,
				1BECD0122C5CE56B001EC6A1 /* Closing Word.pxd in Resources */,
				1B8A88EC2B8F5F970090B6BA /* Settings.svg in Resources */,
				1BECD00C2C5CDDEB001EC6A1 /* QuitRunningApps Social Preview.png in Resources */,
				1BECD0172C5CE713001EC6A1 /* QuitRunningApps Preferences.png in Resources */,
				1B3731BA28B267E3009BEC55 /* Localizable.strings in Resources */,
				1B8A88ED2B8F5F970090B6BA /* App.svg in Resources */,
				1BECD00D2C5CDDEB001EC6A1 /* QuitRunningApps Screenshot.png in Resources */,
				1BECD00F2C5CE086001EC6A1 /* QuitRunningApps Screenshot.pxd in Resources */,
				1B8A88EE2B8F5F970090B6BA /* AppIcon.svg in Resources */,
				1B86900228AABD8000A3BB13 /* Assets.xcassets in Resources */,
				1BECD0132C5CE56B001EC6A1 /* Closing Word.png in Resources */,
				1BECD0192C5CEBF5001EC6A1 /* Unidentified Developer.png in Resources */,
				1BF01C2228C8FBFD00AD9805 /* Credits.html in Resources */,
				1BECD0162C5CE713001EC6A1 /* QuitRunningApps Preferences.pxd in Resources */,
			);
			runOnlyForDeploymentPostprocessing = 0;
		};
/* End PBXResourcesBuildPhase section */

/* Begin PBXSourcesBuildPhase section */
		1B868FF628AABD7F00A3BB13 /* Sources */ = {
			isa = PBXSourcesBuildPhase;
			buildActionMask = 2147483647;
			files = (
				1BE7C1F428CCEFD8005BB45D /* Calendar.swift in Sources */,
				1BF1FE4928D2414E005D85C4 /* FileBrowser.swift in Sources */,
				1BE7C1F628CCF008005BB45D /* Bundle.swift in Sources */,
				1BE7C1FE28CCF39D005BB45D /* WebService.swift in Sources */,
				1B24E61C28B28007004C0B71 /* ApplicationViewModel.swift in Sources */,
				1BE7C1F228CCEFB5005BB45D /* Date.swift in Sources */,
				1BE7C1FB28CCF0D1005BB45D /* Version.swift in Sources */,
				1B13007428CA444B00B0DD75 /* AppUpdateViewModel.swift in Sources */,
				1B86900028AABD7F00A3BB13 /* ApplicationView.swift in Sources */,
				1B868FFE28AABD7F00A3BB13 /* QuitRunningApps.swift in Sources */,
				1BB5137028C268DA00A11AD4 /* SettingsView.swift in Sources */,
				1BACAFD928C13CFE003F889D /* Functions.swift in Sources */,
				1BE51F9A28C3362F001167D5 /* SettingsViewModel.swift in Sources */,
				1BE7C1F928CCF040005BB45D /* Application.swift in Sources */,
				1BACAFD728C13B8D003F889D /* Constants.swift in Sources */,
			);
			runOnlyForDeploymentPostprocessing = 0;
		};
/* End PBXSourcesBuildPhase section */

/* Begin PBXVariantGroup section */
		1B3731BC28B267E3009BEC55 /* Localizable.strings */ = {
			isa = PBXVariantGroup;
			children = (
				1B3731BB28B267E3009BEC55 /* en */,
				1B3731C028B26C69009BEC55 /* bg */,
			);
			name = Localizable.strings;
			sourceTree = "<group>";
		};
/* End PBXVariantGroup section */

/* Begin XCBuildConfiguration section */
		1B86901D28AABD8000A3BB13 /* Debug */ = {
			isa = XCBuildConfiguration;
			buildSettings = {
				ALWAYS_SEARCH_USER_PATHS = NO;
				ASSETCATALOG_COMPILER_GENERATE_SWIFT_ASSET_SYMBOL_EXTENSIONS = YES;
				CLANG_ANALYZER_LOCALIZABILITY_NONLOCALIZED = YES;
				CLANG_ANALYZER_NONNULL = YES;
				CLANG_ANALYZER_NUMBER_OBJECT_CONVERSION = YES_AGGRESSIVE;
				CLANG_CXX_LANGUAGE_STANDARD = "gnu++17";
				CLANG_ENABLE_MODULES = YES;
				CLANG_ENABLE_OBJC_ARC = YES;
				CLANG_ENABLE_OBJC_WEAK = YES;
				CLANG_WARN_BLOCK_CAPTURE_AUTORELEASING = YES;
				CLANG_WARN_BOOL_CONVERSION = YES;
				CLANG_WARN_COMMA = YES;
				CLANG_WARN_CONSTANT_CONVERSION = YES;
				CLANG_WARN_DEPRECATED_OBJC_IMPLEMENTATIONS = YES;
				CLANG_WARN_DIRECT_OBJC_ISA_USAGE = YES_ERROR;
				CLANG_WARN_DOCUMENTATION_COMMENTS = YES;
				CLANG_WARN_EMPTY_BODY = YES;
				CLANG_WARN_ENUM_CONVERSION = YES;
				CLANG_WARN_INFINITE_RECURSION = YES;
				CLANG_WARN_INT_CONVERSION = YES;
				CLANG_WARN_NON_LITERAL_NULL_CONVERSION = YES;
				CLANG_WARN_OBJC_IMPLICIT_RETAIN_SELF = YES;
				CLANG_WARN_OBJC_LITERAL_CONVERSION = YES;
				CLANG_WARN_OBJC_ROOT_CLASS = YES_ERROR;
				CLANG_WARN_QUOTED_INCLUDE_IN_FRAMEWORK_HEADER = YES;
				CLANG_WARN_RANGE_LOOP_ANALYSIS = YES;
				CLANG_WARN_STRICT_PROTOTYPES = YES;
				CLANG_WARN_SUSPICIOUS_MOVE = YES;
				CLANG_WARN_UNGUARDED_AVAILABILITY = YES_AGGRESSIVE;
				CLANG_WARN_UNREACHABLE_CODE = YES;
				CLANG_WARN__DUPLICATE_METHOD_MATCH = YES;
				CODE_SIGN_IDENTITY = "Apple Development";
				CODE_SIGN_STYLE = Automatic;
				COPY_PHASE_STRIP = NO;
				DEAD_CODE_STRIPPING = YES;
				DEBUG_INFORMATION_FORMAT = dwarf;
				DEVELOPMENT_TEAM = PA4ZVVNYSC;
				ENABLE_STRICT_OBJC_MSGSEND = YES;
				ENABLE_TESTABILITY = YES;
				ENABLE_USER_SCRIPT_SANDBOXING = YES;
				GCC_C_LANGUAGE_STANDARD = gnu11;
				GCC_DYNAMIC_NO_PIC = NO;
				GCC_NO_COMMON_BLOCKS = YES;
				GCC_OPTIMIZATION_LEVEL = 0;
				GCC_PREPROCESSOR_DEFINITIONS = (
					"DEBUG=1",
					"$(inherited)",
				);
				GCC_WARN_64_TO_32_BIT_CONVERSION = YES;
				GCC_WARN_ABOUT_RETURN_TYPE = YES_ERROR;
				GCC_WARN_UNDECLARED_SELECTOR = YES;
				GCC_WARN_UNINITIALIZED_AUTOS = YES_AGGRESSIVE;
				GCC_WARN_UNUSED_FUNCTION = YES;
				GCC_WARN_UNUSED_VARIABLE = YES;
				MACOSX_DEPLOYMENT_TARGET = 12.3;
				MTL_ENABLE_DEBUG_INFO = INCLUDE_SOURCE;
				MTL_FAST_MATH = YES;
				ONLY_ACTIVE_ARCH = YES;
				SDKROOT = macosx;
				SWIFT_ACTIVE_COMPILATION_CONDITIONS = DEBUG;
				SWIFT_OPTIMIZATION_LEVEL = "-Onone";
			};
			name = Debug;
		};
		1B86901E28AABD8000A3BB13 /* Release */ = {
			isa = XCBuildConfiguration;
			buildSettings = {
				ALWAYS_SEARCH_USER_PATHS = NO;
				ASSETCATALOG_COMPILER_GENERATE_SWIFT_ASSET_SYMBOL_EXTENSIONS = YES;
				CLANG_ANALYZER_LOCALIZABILITY_NONLOCALIZED = YES;
				CLANG_ANALYZER_NONNULL = YES;
				CLANG_ANALYZER_NUMBER_OBJECT_CONVERSION = YES_AGGRESSIVE;
				CLANG_CXX_LANGUAGE_STANDARD = "gnu++17";
				CLANG_ENABLE_MODULES = YES;
				CLANG_ENABLE_OBJC_ARC = YES;
				CLANG_ENABLE_OBJC_WEAK = YES;
				CLANG_WARN_BLOCK_CAPTURE_AUTORELEASING = YES;
				CLANG_WARN_BOOL_CONVERSION = YES;
				CLANG_WARN_COMMA = YES;
				CLANG_WARN_CONSTANT_CONVERSION = YES;
				CLANG_WARN_DEPRECATED_OBJC_IMPLEMENTATIONS = YES;
				CLANG_WARN_DIRECT_OBJC_ISA_USAGE = YES_ERROR;
				CLANG_WARN_DOCUMENTATION_COMMENTS = YES;
				CLANG_WARN_EMPTY_BODY = YES;
				CLANG_WARN_ENUM_CONVERSION = YES;
				CLANG_WARN_INFINITE_RECURSION = YES;
				CLANG_WARN_INT_CONVERSION = YES;
				CLANG_WARN_NON_LITERAL_NULL_CONVERSION = YES;
				CLANG_WARN_OBJC_IMPLICIT_RETAIN_SELF = YES;
				CLANG_WARN_OBJC_LITERAL_CONVERSION = YES;
				CLANG_WARN_OBJC_ROOT_CLASS = YES_ERROR;
				CLANG_WARN_QUOTED_INCLUDE_IN_FRAMEWORK_HEADER = YES;
				CLANG_WARN_RANGE_LOOP_ANALYSIS = YES;
				CLANG_WARN_STRICT_PROTOTYPES = YES;
				CLANG_WARN_SUSPICIOUS_MOVE = YES;
				CLANG_WARN_UNGUARDED_AVAILABILITY = YES_AGGRESSIVE;
				CLANG_WARN_UNREACHABLE_CODE = YES;
				CLANG_WARN__DUPLICATE_METHOD_MATCH = YES;
				CODE_SIGN_IDENTITY = "Apple Development";
				CODE_SIGN_STYLE = Automatic;
				COPY_PHASE_STRIP = NO;
				DEAD_CODE_STRIPPING = YES;
				DEBUG_INFORMATION_FORMAT = "dwarf-with-dsym";
				DEVELOPMENT_TEAM = PA4ZVVNYSC;
				ENABLE_NS_ASSERTIONS = NO;
				ENABLE_STRICT_OBJC_MSGSEND = YES;
				ENABLE_USER_SCRIPT_SANDBOXING = YES;
				GCC_C_LANGUAGE_STANDARD = gnu11;
				GCC_NO_COMMON_BLOCKS = YES;
				GCC_WARN_64_TO_32_BIT_CONVERSION = YES;
				GCC_WARN_ABOUT_RETURN_TYPE = YES_ERROR;
				GCC_WARN_UNDECLARED_SELECTOR = YES;
				GCC_WARN_UNINITIALIZED_AUTOS = YES_AGGRESSIVE;
				GCC_WARN_UNUSED_FUNCTION = YES;
				GCC_WARN_UNUSED_VARIABLE = YES;
				MACOSX_DEPLOYMENT_TARGET = 12.3;
				MTL_ENABLE_DEBUG_INFO = NO;
				MTL_FAST_MATH = YES;
				SDKROOT = macosx;
				SWIFT_COMPILATION_MODE = wholemodule;
				SWIFT_OPTIMIZATION_LEVEL = "-O";
			};
			name = Release;
		};
		1B86902028AABD8000A3BB13 /* Debug */ = {
			isa = XCBuildConfiguration;
			buildSettings = {
				ASSETCATALOG_COMPILER_APPICON_NAME = AppIcon;
				ASSETCATALOG_COMPILER_GLOBAL_ACCENT_COLOR_NAME = AccentColor;
				ASSETCATALOG_COMPILER_INCLUDE_ALL_APPICON_ASSETS = NO;
				CODE_SIGN_ENTITLEMENTS = QuitRunningApps/QuitRunningApps.entitlements;
				CODE_SIGN_IDENTITY = "Apple Development";
				CODE_SIGN_STYLE = Automatic;
				COMBINE_HIDPI_IMAGES = YES;
				CURRENT_PROJECT_VERSION = 11;
				DEAD_CODE_STRIPPING = YES;
				DEVELOPMENT_ASSET_PATHS = "\"QuitRunningApps/Preview Content\"";
				DEVELOPMENT_TEAM = PA4ZVVNYSC;
				ENABLE_HARDENED_RUNTIME = YES;
				ENABLE_PREVIEWS = YES;
				GENERATE_INFOPLIST_FILE = YES;
				INFOPLIST_KEY_CFBundleDisplayName = QuitRunningApps;
				INFOPLIST_KEY_LSApplicationCategoryType = "public.app-category.utilities";
				INFOPLIST_KEY_NSHumanReadableCopyright = "";
				LD_RUNPATH_SEARCH_PATHS = (
					"$(inherited)",
					"@executable_path/../Frameworks",
				);
				MARKETING_VERSION = 1.0;
				PRODUCT_BUNDLE_IDENTIFIER = com.pbalinov.QuitRunningApps;
				PRODUCT_NAME = "$(TARGET_NAME)";
				PROVISIONING_PROFILE_SPECIFIER = "";
				SWIFT_EMIT_LOC_STRINGS = YES;
				SWIFT_VERSION = 5.0;
			};
			name = Debug;
		};
		1B86902128AABD8000A3BB13 /* Release */ = {
			isa = XCBuildConfiguration;
			buildSettings = {
				ASSETCATALOG_COMPILER_APPICON_NAME = AppIcon;
				ASSETCATALOG_COMPILER_GLOBAL_ACCENT_COLOR_NAME = AccentColor;
				ASSETCATALOG_COMPILER_INCLUDE_ALL_APPICON_ASSETS = NO;
				CODE_SIGN_ENTITLEMENTS = QuitRunningApps/QuitRunningApps.entitlements;
				CODE_SIGN_IDENTITY = "Apple Development";
				CODE_SIGN_STYLE = Automatic;
				COMBINE_HIDPI_IMAGES = YES;
				CURRENT_PROJECT_VERSION = 11;
				DEAD_CODE_STRIPPING = YES;
				DEVELOPMENT_ASSET_PATHS = "\"QuitRunningApps/Preview Content\"";
				DEVELOPMENT_TEAM = PA4ZVVNYSC;
				ENABLE_HARDENED_RUNTIME = YES;
				ENABLE_PREVIEWS = YES;
				GENERATE_INFOPLIST_FILE = YES;
				INFOPLIST_KEY_CFBundleDisplayName = QuitRunningApps;
				INFOPLIST_KEY_LSApplicationCategoryType = "public.app-category.utilities";
				INFOPLIST_KEY_NSHumanReadableCopyright = "";
				LD_RUNPATH_SEARCH_PATHS = (
					"$(inherited)",
					"@executable_path/../Frameworks",
				);
				MARKETING_VERSION = 1.0;
				PRODUCT_BUNDLE_IDENTIFIER = com.pbalinov.QuitRunningApps;
				PRODUCT_NAME = "$(TARGET_NAME)";
				PROVISIONING_PROFILE_SPECIFIER = "";
				SWIFT_EMIT_LOC_STRINGS = YES;
				SWIFT_VERSION = 5.0;
			};
			name = Release;
		};
/* End XCBuildConfiguration section */

/* Begin XCConfigurationList section */
		1B868FF528AABD7F00A3BB13 /* Build configuration list for PBXProject "QuitRunningApps" */ = {
			isa = XCConfigurationList;
			buildConfigurations = (
				1B86901D28AABD8000A3BB13 /* Debug */,
				1B86901E28AABD8000A3BB13 /* Release */,
			);
			defaultConfigurationIsVisible = 0;
			defaultConfigurationName = Release;
		};
		1B86901F28AABD8000A3BB13 /* Build configuration list for PBXNativeTarget "QuitRunningApps" */ = {
			isa = XCConfigurationList;
			buildConfigurations = (
				1B86902028AABD8000A3BB13 /* Debug */,
				1B86902128AABD8000A3BB13 /* Release */,
			);
			defaultConfigurationIsVisible = 0;
			defaultConfigurationName = Release;
		};
/* End XCConfigurationList section */
	};
	rootObject = 1B868FF228AABD7F00A3BB13 /* Project object */;
}
