// !$*UTF8*$!
{
	archiveVersion = 1;
	classes = {
	};
	objectVersion = 55;
	objects = {

/* Begin PBXBuildFile section */
		1B24E61C28B28007004C0B71 /* ApplicationModel.swift in Sources */ = {isa = PBXBuildFile; fileRef = 1B24E61B28B28007004C0B71 /* ApplicationModel.swift */; };
		1B3731BA28B267E3009BEC55 /* Localizable.strings in Resources */ = {isa = PBXBuildFile; fileRef = 1B3731BC28B267E3009BEC55 /* Localizable.strings */; };
		1B670CF828C73E1600BC4921 /* Credits.rtf in Resources */ = {isa = PBXBuildFile; fileRef = 1B670CF728C73E1600BC4921 /* Credits.rtf */; };
		1B868FFE28AABD7F00A3BB13 /* QuitRunningApps.swift in Sources */ = {isa = PBXBuildFile; fileRef = 1B868FFD28AABD7F00A3BB13 /* QuitRunningApps.swift */; };
		1B86900028AABD7F00A3BB13 /* ApplicationView.swift in Sources */ = {isa = PBXBuildFile; fileRef = 1B868FFF28AABD7F00A3BB13 /* ApplicationView.swift */; };
		1B86900228AABD8000A3BB13 /* Assets.xcassets in Resources */ = {isa = PBXBuildFile; fileRef = 1B86900128AABD8000A3BB13 /* Assets.xcassets */; };
		1B86900528AABD8000A3BB13 /* Preview Assets.xcassets in Resources */ = {isa = PBXBuildFile; fileRef = 1B86900428AABD8000A3BB13 /* Preview Assets.xcassets */; };
		1B86901028AABD8000A3BB13 /* QuitRunningAppsTests.swift in Sources */ = {isa = PBXBuildFile; fileRef = 1B86900F28AABD8000A3BB13 /* QuitRunningAppsTests.swift */; };
		1B86901A28AABD8000A3BB13 /* QuitYourAppsUITests.swift in Sources */ = {isa = PBXBuildFile; fileRef = 1B86901928AABD8000A3BB13 /* QuitYourAppsUITests.swift */; };
		1B86901C28AABD8000A3BB13 /* QuitYourAppsUITestsLaunchTests.swift in Sources */ = {isa = PBXBuildFile; fileRef = 1B86901B28AABD8000A3BB13 /* QuitYourAppsUITestsLaunchTests.swift */; };
		1BACAFD728C13B8D003F889D /* Constants.swift in Sources */ = {isa = PBXBuildFile; fileRef = 1BACAFD628C13B8D003F889D /* Constants.swift */; };
		1BACAFD928C13CFE003F889D /* Functions.swift in Sources */ = {isa = PBXBuildFile; fileRef = 1BACAFD828C13CFE003F889D /* Functions.swift */; };
		1BB5137028C268DA00A11AD4 /* SettingsView.swift in Sources */ = {isa = PBXBuildFile; fileRef = 1BB5136F28C268DA00A11AD4 /* SettingsView.swift */; };
		1BE51F9A28C3362F001167D5 /* SettingsModel.swift in Sources */ = {isa = PBXBuildFile; fileRef = 1BE51F9928C3362F001167D5 /* SettingsModel.swift */; };
		1BEE6C3028C28A4000322C07 /* UserGuide.pdf in Resources */ = {isa = PBXBuildFile; fileRef = 1BEE6C2F28C28A4000322C07 /* UserGuide.pdf */; };
/* End PBXBuildFile section */

/* Begin PBXContainerItemProxy section */
		1B86900C28AABD8000A3BB13 /* PBXContainerItemProxy */ = {
			isa = PBXContainerItemProxy;
			containerPortal = 1B868FF228AABD7F00A3BB13 /* Project object */;
			proxyType = 1;
			remoteGlobalIDString = 1B868FF928AABD7F00A3BB13;
			remoteInfo = QuitYourApps;
		};
		1B86901628AABD8000A3BB13 /* PBXContainerItemProxy */ = {
			isa = PBXContainerItemProxy;
			containerPortal = 1B868FF228AABD7F00A3BB13 /* Project object */;
			proxyType = 1;
			remoteGlobalIDString = 1B868FF928AABD7F00A3BB13;
			remoteInfo = QuitYourApps;
		};
/* End PBXContainerItemProxy section */

/* Begin PBXFileReference section */
		1B0A9F8428C6668D0044F991 /* Settings.vectornator */ = {isa = PBXFileReference; lastKnownFileType = file; path = Settings.vectornator; sourceTree = "<group>"; };
		1B0A9F8528C6668D0044F991 /* UserGuide.docx */ = {isa = PBXFileReference; lastKnownFileType = file; path = UserGuide.docx; sourceTree = "<group>"; };
		1B0A9F8628C6668D0044F991 /* AppIcon.vectornator */ = {isa = PBXFileReference; lastKnownFileType = file; path = AppIcon.vectornator; sourceTree = "<group>"; };
		1B0A9F8728C6668D0044F991 /* App.vectornator */ = {isa = PBXFileReference; lastKnownFileType = file; path = App.vectornator; sourceTree = "<group>"; };
		1B0A9F8928C667940044F991 /* create_dmg_command.txt */ = {isa = PBXFileReference; lastKnownFileType = text; path = create_dmg_command.txt; sourceTree = "<group>"; };
		1B24E61B28B28007004C0B71 /* ApplicationModel.swift */ = {isa = PBXFileReference; lastKnownFileType = sourcecode.swift; path = ApplicationModel.swift; sourceTree = "<group>"; };
		1B3731BB28B267E3009BEC55 /* en */ = {isa = PBXFileReference; lastKnownFileType = text.plist.strings; name = en; path = en.lproj/Localizable.strings; sourceTree = "<group>"; };
		1B3731C028B26C69009BEC55 /* bg */ = {isa = PBXFileReference; lastKnownFileType = text.plist.strings; name = bg; path = bg.lproj/Localizable.strings; sourceTree = "<group>"; };
		1B670CF728C73E1600BC4921 /* Credits.rtf */ = {isa = PBXFileReference; lastKnownFileType = text.rtf; path = Credits.rtf; sourceTree = "<group>"; };
		1B789EC128BE18E500956971 /* README.md */ = {isa = PBXFileReference; fileEncoding = 4; lastKnownFileType = net.daringfireball.markdown; lineEnding = 0; path = README.md; sourceTree = "<group>"; };
		1B868FFA28AABD7F00A3BB13 /* QuitRunningApps.app */ = {isa = PBXFileReference; explicitFileType = wrapper.application; includeInIndex = 0; path = QuitRunningApps.app; sourceTree = BUILT_PRODUCTS_DIR; };
		1B868FFD28AABD7F00A3BB13 /* QuitRunningApps.swift */ = {isa = PBXFileReference; lastKnownFileType = sourcecode.swift; path = QuitRunningApps.swift; sourceTree = "<group>"; };
		1B868FFF28AABD7F00A3BB13 /* ApplicationView.swift */ = {isa = PBXFileReference; lastKnownFileType = sourcecode.swift; path = ApplicationView.swift; sourceTree = "<group>"; };
		1B86900128AABD8000A3BB13 /* Assets.xcassets */ = {isa = PBXFileReference; lastKnownFileType = folder.assetcatalog; path = Assets.xcassets; sourceTree = "<group>"; };
		1B86900428AABD8000A3BB13 /* Preview Assets.xcassets */ = {isa = PBXFileReference; lastKnownFileType = folder.assetcatalog; path = "Preview Assets.xcassets"; sourceTree = "<group>"; };
		1B86900628AABD8000A3BB13 /* QuitRunningApps.entitlements */ = {isa = PBXFileReference; lastKnownFileType = text.plist.entitlements; path = QuitRunningApps.entitlements; sourceTree = "<group>"; };
		1B86900B28AABD8000A3BB13 /* QuitRunningAppsTests.xctest */ = {isa = PBXFileReference; explicitFileType = wrapper.cfbundle; includeInIndex = 0; path = QuitRunningAppsTests.xctest; sourceTree = BUILT_PRODUCTS_DIR; };
		1B86900F28AABD8000A3BB13 /* QuitRunningAppsTests.swift */ = {isa = PBXFileReference; lastKnownFileType = sourcecode.swift; path = QuitRunningAppsTests.swift; sourceTree = "<group>"; };
		1B86901528AABD8000A3BB13 /* QuitRunningAppsUITests.xctest */ = {isa = PBXFileReference; explicitFileType = wrapper.cfbundle; includeInIndex = 0; path = QuitRunningAppsUITests.xctest; sourceTree = BUILT_PRODUCTS_DIR; };
		1B86901928AABD8000A3BB13 /* QuitYourAppsUITests.swift */ = {isa = PBXFileReference; lastKnownFileType = sourcecode.swift; path = QuitYourAppsUITests.swift; sourceTree = "<group>"; };
		1B86901B28AABD8000A3BB13 /* QuitYourAppsUITestsLaunchTests.swift */ = {isa = PBXFileReference; lastKnownFileType = sourcecode.swift; path = QuitYourAppsUITestsLaunchTests.swift; sourceTree = "<group>"; };
		1BACAFD628C13B8D003F889D /* Constants.swift */ = {isa = PBXFileReference; lastKnownFileType = sourcecode.swift; path = Constants.swift; sourceTree = "<group>"; };
		1BACAFD828C13CFE003F889D /* Functions.swift */ = {isa = PBXFileReference; lastKnownFileType = sourcecode.swift; path = Functions.swift; sourceTree = "<group>"; };
		1BB5136F28C268DA00A11AD4 /* SettingsView.swift */ = {isa = PBXFileReference; lastKnownFileType = sourcecode.swift; path = SettingsView.swift; sourceTree = "<group>"; };
		1BE51F9928C3362F001167D5 /* SettingsModel.swift */ = {isa = PBXFileReference; lastKnownFileType = sourcecode.swift; path = SettingsModel.swift; sourceTree = "<group>"; };
		1BEE6C2F28C28A4000322C07 /* UserGuide.pdf */ = {isa = PBXFileReference; explicitFileType = image.pdf; path = UserGuide.pdf; sourceTree = "<group>"; };
/* End PBXFileReference section */

/* Begin PBXFrameworksBuildPhase section */
		1B868FF728AABD7F00A3BB13 /* Frameworks */ = {
			isa = PBXFrameworksBuildPhase;
			buildActionMask = 2147483647;
			files = (
			);
			runOnlyForDeploymentPostprocessing = 0;
		};
		1B86900828AABD8000A3BB13 /* Frameworks */ = {
			isa = PBXFrameworksBuildPhase;
			buildActionMask = 2147483647;
			files = (
			);
			runOnlyForDeploymentPostprocessing = 0;
		};
		1B86901228AABD8000A3BB13 /* Frameworks */ = {
			isa = PBXFrameworksBuildPhase;
			buildActionMask = 2147483647;
			files = (
			);
			runOnlyForDeploymentPostprocessing = 0;
		};
/* End PBXFrameworksBuildPhase section */

/* Begin PBXGroup section */
		1B0A9F8328C6665F0044F991 /* External Resources */ = {
			isa = PBXGroup;
			children = (
				1B0A9F8728C6668D0044F991 /* App.vectornator */,
				1B0A9F8628C6668D0044F991 /* AppIcon.vectornator */,
				1B0A9F8528C6668D0044F991 /* UserGuide.docx */,
				1B0A9F8428C6668D0044F991 /* Settings.vectornator */,
			);
			path = "External Resources";
			sourceTree = "<group>";
		};
		1B0A9F8828C667210044F991 /* Installation Package */ = {
			isa = PBXGroup;
			children = (
				1B0A9F8A28C667940044F991 /* source_folder */,
				1B0A9F8928C667940044F991 /* create_dmg_command.txt */,
			);
			path = "Installation Package";
			sourceTree = "<group>";
		};
		1B0A9F8A28C667940044F991 /* source_folder */ = {
			isa = PBXGroup;
			children = (
			);
			path = source_folder;
			sourceTree = "<group>";
		};
		1B868FF128AABD7F00A3BB13 = {
			isa = PBXGroup;
			children = (
				1B868FFC28AABD7F00A3BB13 /* QuitRunningApps */,
				1B0A9F8828C667210044F991 /* Installation Package */,
				1B0A9F8328C6665F0044F991 /* External Resources */,
				1B789EC128BE18E500956971 /* README.md */,
				1B86900E28AABD8000A3BB13 /* QuitRunningAppsTests */,
				1B86901828AABD8000A3BB13 /* QuitRunningAppsUITests */,
				1B868FFB28AABD7F00A3BB13 /* Products */,
			);
			sourceTree = "<group>";
		};
		1B868FFB28AABD7F00A3BB13 /* Products */ = {
			isa = PBXGroup;
			children = (
				1B868FFA28AABD7F00A3BB13 /* QuitRunningApps.app */,
				1B86900B28AABD8000A3BB13 /* QuitRunningAppsTests.xctest */,
				1B86901528AABD8000A3BB13 /* QuitRunningAppsUITests.xctest */,
			);
			name = Products;
			sourceTree = "<group>";
		};
		1B868FFC28AABD7F00A3BB13 /* QuitRunningApps */ = {
			isa = PBXGroup;
			children = (
				1B868FFD28AABD7F00A3BB13 /* QuitRunningApps.swift */,
				1B868FFF28AABD7F00A3BB13 /* ApplicationView.swift */,
				1B24E61B28B28007004C0B71 /* ApplicationModel.swift */,
				1BB5136F28C268DA00A11AD4 /* SettingsView.swift */,
				1BE51F9928C3362F001167D5 /* SettingsModel.swift */,
				1BACAFD828C13CFE003F889D /* Functions.swift */,
				1BACAFD628C13B8D003F889D /* Constants.swift */,
				1B86900128AABD8000A3BB13 /* Assets.xcassets */,
				1BEE6C2F28C28A4000322C07 /* UserGuide.pdf */,
				1B3731BC28B267E3009BEC55 /* Localizable.strings */,
				1B670CF728C73E1600BC4921 /* Credits.rtf */,
				1B86900628AABD8000A3BB13 /* QuitRunningApps.entitlements */,
				1B86900328AABD8000A3BB13 /* Preview Content */,
			);
			path = QuitRunningApps;
			sourceTree = "<group>";
		};
		1B86900328AABD8000A3BB13 /* Preview Content */ = {
			isa = PBXGroup;
			children = (
				1B86900428AABD8000A3BB13 /* Preview Assets.xcassets */,
			);
			path = "Preview Content";
			sourceTree = "<group>";
		};
		1B86900E28AABD8000A3BB13 /* QuitRunningAppsTests */ = {
			isa = PBXGroup;
			children = (
				1B86900F28AABD8000A3BB13 /* QuitRunningAppsTests.swift */,
			);
			path = QuitRunningAppsTests;
			sourceTree = "<group>";
		};
		1B86901828AABD8000A3BB13 /* QuitRunningAppsUITests */ = {
			isa = PBXGroup;
			children = (
				1B86901928AABD8000A3BB13 /* QuitYourAppsUITests.swift */,
				1B86901B28AABD8000A3BB13 /* QuitYourAppsUITestsLaunchTests.swift */,
			);
			path = QuitRunningAppsUITests;
			sourceTree = "<group>";
		};
/* End PBXGroup section */

/* Begin PBXNativeTarget section */
		1B868FF928AABD7F00A3BB13 /* QuitRunningApps */ = {
			isa = PBXNativeTarget;
			buildConfigurationList = 1B86901F28AABD8000A3BB13 /* Build configuration list for PBXNativeTarget "QuitRunningApps" */;
			buildPhases = (
				1B868FF628AABD7F00A3BB13 /* Sources */,
				1B868FF728AABD7F00A3BB13 /* Frameworks */,
				1B868FF828AABD7F00A3BB13 /* Resources */,
			);
			buildRules = (
			);
			dependencies = (
			);
			name = QuitRunningApps;
			productName = QuitYourApps;
			productReference = 1B868FFA28AABD7F00A3BB13 /* QuitRunningApps.app */;
			productType = "com.apple.product-type.application";
		};
		1B86900A28AABD8000A3BB13 /* QuitRunningAppsTests */ = {
			isa = PBXNativeTarget;
			buildConfigurationList = 1B86902228AABD8000A3BB13 /* Build configuration list for PBXNativeTarget "QuitRunningAppsTests" */;
			buildPhases = (
				1B86900728AABD8000A3BB13 /* Sources */,
				1B86900828AABD8000A3BB13 /* Frameworks */,
				1B86900928AABD8000A3BB13 /* Resources */,
			);
			buildRules = (
			);
			dependencies = (
				1B86900D28AABD8000A3BB13 /* PBXTargetDependency */,
			);
			name = QuitRunningAppsTests;
			productName = QuitYourAppsTests;
			productReference = 1B86900B28AABD8000A3BB13 /* QuitRunningAppsTests.xctest */;
			productType = "com.apple.product-type.bundle.unit-test";
		};
		1B86901428AABD8000A3BB13 /* QuitRunningAppsUITests */ = {
			isa = PBXNativeTarget;
			buildConfigurationList = 1B86902528AABD8000A3BB13 /* Build configuration list for PBXNativeTarget "QuitRunningAppsUITests" */;
			buildPhases = (
				1B86901128AABD8000A3BB13 /* Sources */,
				1B86901228AABD8000A3BB13 /* Frameworks */,
				1B86901328AABD8000A3BB13 /* Resources */,
			);
			buildRules = (
			);
			dependencies = (
				1B86901728AABD8000A3BB13 /* PBXTargetDependency */,
			);
			name = QuitRunningAppsUITests;
			productName = QuitYourAppsUITests;
			productReference = 1B86901528AABD8000A3BB13 /* QuitRunningAppsUITests.xctest */;
			productType = "com.apple.product-type.bundle.ui-testing";
		};
/* End PBXNativeTarget section */

/* Begin PBXProject section */
		1B868FF228AABD7F00A3BB13 /* Project object */ = {
			isa = PBXProject;
			attributes = {
				BuildIndependentTargetsInParallel = 1;
				LastSwiftUpdateCheck = 1340;
				LastUpgradeCheck = 1340;
				TargetAttributes = {
					1B868FF928AABD7F00A3BB13 = {
						CreatedOnToolsVersion = 13.4.1;
					};
					1B86900A28AABD8000A3BB13 = {
						CreatedOnToolsVersion = 13.4.1;
						TestTargetID = 1B868FF928AABD7F00A3BB13;
					};
					1B86901428AABD8000A3BB13 = {
						CreatedOnToolsVersion = 13.4.1;
						TestTargetID = 1B868FF928AABD7F00A3BB13;
					};
				};
			};
			buildConfigurationList = 1B868FF528AABD7F00A3BB13 /* Build configuration list for PBXProject "QuitRunningApps" */;
			compatibilityVersion = "Xcode 13.0";
			developmentRegion = en;
			hasScannedForEncodings = 0;
			knownRegions = (
				en,
				Base,
				bg,
			);
			mainGroup = 1B868FF128AABD7F00A3BB13;
			productRefGroup = 1B868FFB28AABD7F00A3BB13 /* Products */;
			projectDirPath = "";
			projectRoot = "";
			targets = (
				1B868FF928AABD7F00A3BB13 /* QuitRunningApps */,
				1B86900A28AABD8000A3BB13 /* QuitRunningAppsTests */,
				1B86901428AABD8000A3BB13 /* QuitRunningAppsUITests */,
			);
		};
/* End PBXProject section */

/* Begin PBXResourcesBuildPhase section */
		1B868FF828AABD7F00A3BB13 /* Resources */ = {
			isa = PBXResourcesBuildPhase;
			buildActionMask = 2147483647;
			files = (
				1BEE6C3028C28A4000322C07 /* UserGuide.pdf in Resources */,
				1B86900528AABD8000A3BB13 /* Preview Assets.xcassets in Resources */,
				1B670CF828C73E1600BC4921 /* Credits.rtf in Resources */,
				1B3731BA28B267E3009BEC55 /* Localizable.strings in Resources */,
				1B86900228AABD8000A3BB13 /* Assets.xcassets in Resources */,
			);
			runOnlyForDeploymentPostprocessing = 0;
		};
		1B86900928AABD8000A3BB13 /* Resources */ = {
			isa = PBXResourcesBuildPhase;
			buildActionMask = 2147483647;
			files = (
			);
			runOnlyForDeploymentPostprocessing = 0;
		};
		1B86901328AABD8000A3BB13 /* Resources */ = {
			isa = PBXResourcesBuildPhase;
			buildActionMask = 2147483647;
			files = (
			);
			runOnlyForDeploymentPostprocessing = 0;
		};
/* End PBXResourcesBuildPhase section */

/* Begin PBXSourcesBuildPhase section */
		1B868FF628AABD7F00A3BB13 /* Sources */ = {
			isa = PBXSourcesBuildPhase;
			buildActionMask = 2147483647;
			files = (
				1B24E61C28B28007004C0B71 /* ApplicationModel.swift in Sources */,
				1B86900028AABD7F00A3BB13 /* ApplicationView.swift in Sources */,
				1B868FFE28AABD7F00A3BB13 /* QuitRunningApps.swift in Sources */,
				1BB5137028C268DA00A11AD4 /* SettingsView.swift in Sources */,
				1BACAFD928C13CFE003F889D /* Functions.swift in Sources */,
				1BE51F9A28C3362F001167D5 /* SettingsModel.swift in Sources */,
				1BACAFD728C13B8D003F889D /* Constants.swift in Sources */,
			);
			runOnlyForDeploymentPostprocessing = 0;
		};
		1B86900728AABD8000A3BB13 /* Sources */ = {
			isa = PBXSourcesBuildPhase;
			buildActionMask = 2147483647;
			files = (
				1B86901028AABD8000A3BB13 /* QuitRunningAppsTests.swift in Sources */,
			);
			runOnlyForDeploymentPostprocessing = 0;
		};
		1B86901128AABD8000A3BB13 /* Sources */ = {
			isa = PBXSourcesBuildPhase;
			buildActionMask = 2147483647;
			files = (
				1B86901C28AABD8000A3BB13 /* QuitYourAppsUITestsLaunchTests.swift in Sources */,
				1B86901A28AABD8000A3BB13 /* QuitYourAppsUITests.swift in Sources */,
			);
			runOnlyForDeploymentPostprocessing = 0;
		};
/* End PBXSourcesBuildPhase section */

/* Begin PBXTargetDependency section */
		1B86900D28AABD8000A3BB13 /* PBXTargetDependency */ = {
			isa = PBXTargetDependency;
			target = 1B868FF928AABD7F00A3BB13 /* QuitRunningApps */;
			targetProxy = 1B86900C28AABD8000A3BB13 /* PBXContainerItemProxy */;
		};
		1B86901728AABD8000A3BB13 /* PBXTargetDependency */ = {
			isa = PBXTargetDependency;
			target = 1B868FF928AABD7F00A3BB13 /* QuitRunningApps */;
			targetProxy = 1B86901628AABD8000A3BB13 /* PBXContainerItemProxy */;
		};
/* End PBXTargetDependency section */

/* Begin PBXVariantGroup section */
		1B3731BC28B267E3009BEC55 /* Localizable.strings */ = {
			isa = PBXVariantGroup;
			children = (
				1B3731BB28B267E3009BEC55 /* en */,
				1B3731C028B26C69009BEC55 /* bg */,
			);
			name = Localizable.strings;
			sourceTree = "<group>";
		};
/* End PBXVariantGroup section */

/* Begin XCBuildConfiguration section */
		1B86901D28AABD8000A3BB13 /* Debug */ = {
			isa = XCBuildConfiguration;
			buildSettings = {
				ALWAYS_SEARCH_USER_PATHS = NO;
				CLANG_ANALYZER_LOCALIZABILITY_NONLOCALIZED = YES;
				CLANG_ANALYZER_NONNULL = YES;
				CLANG_ANALYZER_NUMBER_OBJECT_CONVERSION = YES_AGGRESSIVE;
				CLANG_CXX_LANGUAGE_STANDARD = "gnu++17";
				CLANG_ENABLE_MODULES = YES;
				CLANG_ENABLE_OBJC_ARC = YES;
				CLANG_ENABLE_OBJC_WEAK = YES;
				CLANG_WARN_BLOCK_CAPTURE_AUTORELEASING = YES;
				CLANG_WARN_BOOL_CONVERSION = YES;
				CLANG_WARN_COMMA = YES;
				CLANG_WARN_CONSTANT_CONVERSION = YES;
				CLANG_WARN_DEPRECATED_OBJC_IMPLEMENTATIONS = YES;
				CLANG_WARN_DIRECT_OBJC_ISA_USAGE = YES_ERROR;
				CLANG_WARN_DOCUMENTATION_COMMENTS = YES;
				CLANG_WARN_EMPTY_BODY = YES;
				CLANG_WARN_ENUM_CONVERSION = YES;
				CLANG_WARN_INFINITE_RECURSION = YES;
				CLANG_WARN_INT_CONVERSION = YES;
				CLANG_WARN_NON_LITERAL_NULL_CONVERSION = YES;
				CLANG_WARN_OBJC_IMPLICIT_RETAIN_SELF = YES;
				CLANG_WARN_OBJC_LITERAL_CONVERSION = YES;
				CLANG_WARN_OBJC_ROOT_CLASS = YES_ERROR;
				CLANG_WARN_QUOTED_INCLUDE_IN_FRAMEWORK_HEADER = YES;
				CLANG_WARN_RANGE_LOOP_ANALYSIS = YES;
				CLANG_WARN_STRICT_PROTOTYPES = YES;
				CLANG_WARN_SUSPICIOUS_MOVE = YES;
				CLANG_WARN_UNGUARDED_AVAILABILITY = YES_AGGRESSIVE;
				CLANG_WARN_UNREACHABLE_CODE = YES;
				CLANG_WARN__DUPLICATE_METHOD_MATCH = YES;
				COPY_PHASE_STRIP = NO;
				DEBUG_INFORMATION_FORMAT = dwarf;
				ENABLE_STRICT_OBJC_MSGSEND = YES;
				ENABLE_TESTABILITY = YES;
				GCC_C_LANGUAGE_STANDARD = gnu11;
				GCC_DYNAMIC_NO_PIC = NO;
				GCC_NO_COMMON_BLOCKS = YES;
				GCC_OPTIMIZATION_LEVEL = 0;
				GCC_PREPROCESSOR_DEFINITIONS = (
					"DEBUG=1",
					"$(inherited)",
				);
				GCC_WARN_64_TO_32_BIT_CONVERSION = YES;
				GCC_WARN_ABOUT_RETURN_TYPE = YES_ERROR;
				GCC_WARN_UNDECLARED_SELECTOR = YES;
				GCC_WARN_UNINITIALIZED_AUTOS = YES_AGGRESSIVE;
				GCC_WARN_UNUSED_FUNCTION = YES;
				GCC_WARN_UNUSED_VARIABLE = YES;
				MACOSX_DEPLOYMENT_TARGET = 12.3;
				MTL_ENABLE_DEBUG_INFO = INCLUDE_SOURCE;
				MTL_FAST_MATH = YES;
				ONLY_ACTIVE_ARCH = YES;
				SDKROOT = macosx;
				SWIFT_ACTIVE_COMPILATION_CONDITIONS = DEBUG;
				SWIFT_OPTIMIZATION_LEVEL = "-Onone";
			};
			name = Debug;
		};
		1B86901E28AABD8000A3BB13 /* Release */ = {
			isa = XCBuildConfiguration;
			buildSettings = {
				ALWAYS_SEARCH_USER_PATHS = NO;
				CLANG_ANALYZER_LOCALIZABILITY_NONLOCALIZED = YES;
				CLANG_ANALYZER_NONNULL = YES;
				CLANG_ANALYZER_NUMBER_OBJECT_CONVERSION = YES_AGGRESSIVE;
				CLANG_CXX_LANGUAGE_STANDARD = "gnu++17";
				CLANG_ENABLE_MODULES = YES;
				CLANG_ENABLE_OBJC_ARC = YES;
				CLANG_ENABLE_OBJC_WEAK = YES;
				CLANG_WARN_BLOCK_CAPTURE_AUTORELEASING = YES;
				CLANG_WARN_BOOL_CONVERSION = YES;
				CLANG_WARN_COMMA = YES;
				CLANG_WARN_CONSTANT_CONVERSION = YES;
				CLANG_WARN_DEPRECATED_OBJC_IMPLEMENTATIONS = YES;
				CLANG_WARN_DIRECT_OBJC_ISA_USAGE = YES_ERROR;
				CLANG_WARN_DOCUMENTATION_COMMENTS = YES;
				CLANG_WARN_EMPTY_BODY = YES;
				CLANG_WARN_ENUM_CONVERSION = YES;
				CLANG_WARN_INFINITE_RECURSION = YES;
				CLANG_WARN_INT_CONVERSION = YES;
				CLANG_WARN_NON_LITERAL_NULL_CONVERSION = YES;
				CLANG_WARN_OBJC_IMPLICIT_RETAIN_SELF = YES;
				CLANG_WARN_OBJC_LITERAL_CONVERSION = YES;
				CLANG_WARN_OBJC_ROOT_CLASS = YES_ERROR;
				CLANG_WARN_QUOTED_INCLUDE_IN_FRAMEWORK_HEADER = YES;
				CLANG_WARN_RANGE_LOOP_ANALYSIS = YES;
				CLANG_WARN_STRICT_PROTOTYPES = YES;
				CLANG_WARN_SUSPICIOUS_MOVE = YES;
				CLANG_WARN_UNGUARDED_AVAILABILITY = YES_AGGRESSIVE;
				CLANG_WARN_UNREACHABLE_CODE = YES;
				CLANG_WARN__DUPLICATE_METHOD_MATCH = YES;
				COPY_PHASE_STRIP = NO;
				DEBUG_INFORMATION_FORMAT = "dwarf-with-dsym";
				ENABLE_NS_ASSERTIONS = NO;
				ENABLE_STRICT_OBJC_MSGSEND = YES;
				GCC_C_LANGUAGE_STANDARD = gnu11;
				GCC_NO_COMMON_BLOCKS = YES;
				GCC_WARN_64_TO_32_BIT_CONVERSION = YES;
				GCC_WARN_ABOUT_RETURN_TYPE = YES_ERROR;
				GCC_WARN_UNDECLARED_SELECTOR = YES;
				GCC_WARN_UNINITIALIZED_AUTOS = YES_AGGRESSIVE;
				GCC_WARN_UNUSED_FUNCTION = YES;
				GCC_WARN_UNUSED_VARIABLE = YES;
				MACOSX_DEPLOYMENT_TARGET = 12.3;
				MTL_ENABLE_DEBUG_INFO = NO;
				MTL_FAST_MATH = YES;
				SDKROOT = macosx;
				SWIFT_COMPILATION_MODE = wholemodule;
				SWIFT_OPTIMIZATION_LEVEL = "-O";
			};
			name = Release;
		};
		1B86902028AABD8000A3BB13 /* Debug */ = {
			isa = XCBuildConfiguration;
			buildSettings = {
				ASSETCATALOG_COMPILER_APPICON_NAME = AppIcon;
				ASSETCATALOG_COMPILER_GLOBAL_ACCENT_COLOR_NAME = AccentColor;
				ASSETCATALOG_COMPILER_INCLUDE_ALL_APPICON_ASSETS = NO;
				CODE_SIGN_ENTITLEMENTS = QuitRunningApps/QuitRunningApps.entitlements;
				CODE_SIGN_STYLE = Automatic;
				COMBINE_HIDPI_IMAGES = YES;
				CURRENT_PROJECT_VERSION = 1;
				DEVELOPMENT_ASSET_PATHS = "\"QuitRunningApps/Preview Content\"";
				DEVELOPMENT_TEAM = PA4ZVVNYSC;
				ENABLE_HARDENED_RUNTIME = YES;
				ENABLE_PREVIEWS = YES;
				GENERATE_INFOPLIST_FILE = YES;
				INFOPLIST_KEY_LSApplicationCategoryType = "public.app-category.utilities";
				INFOPLIST_KEY_NSHumanReadableCopyright = "";
				LD_RUNPATH_SEARCH_PATHS = (
					"$(inherited)",
					"@executable_path/../Frameworks",
				);
				MARKETING_VERSION = 1.0;
				PRODUCT_BUNDLE_IDENTIFIER = com.pbalinov.QuitRunningApps;
				PRODUCT_NAME = "$(TARGET_NAME)";
				SWIFT_EMIT_LOC_STRINGS = YES;
				SWIFT_VERSION = 5.0;
			};
			name = Debug;
		};
		1B86902128AABD8000A3BB13 /* Release */ = {
			isa = XCBuildConfiguration;
			buildSettings = {
				ASSETCATALOG_COMPILER_APPICON_NAME = AppIcon;
				ASSETCATALOG_COMPILER_GLOBAL_ACCENT_COLOR_NAME = AccentColor;
				ASSETCATALOG_COMPILER_INCLUDE_ALL_APPICON_ASSETS = NO;
				CODE_SIGN_ENTITLEMENTS = QuitRunningApps/QuitRunningApps.entitlements;
				CODE_SIGN_STYLE = Automatic;
				COMBINE_HIDPI_IMAGES = YES;
				CURRENT_PROJECT_VERSION = 1;
				DEVELOPMENT_ASSET_PATHS = "\"QuitRunningApps/Preview Content\"";
				DEVELOPMENT_TEAM = PA4ZVVNYSC;
				ENABLE_HARDENED_RUNTIME = YES;
				ENABLE_PREVIEWS = YES;
				GENERATE_INFOPLIST_FILE = YES;
				INFOPLIST_KEY_LSApplicationCategoryType = "public.app-category.utilities";
				INFOPLIST_KEY_NSHumanReadableCopyright = "";
				LD_RUNPATH_SEARCH_PATHS = (
					"$(inherited)",
					"@executable_path/../Frameworks",
				);
				MARKETING_VERSION = 1.0;
				PRODUCT_BUNDLE_IDENTIFIER = com.pbalinov.QuitRunningApps;
				PRODUCT_NAME = "$(TARGET_NAME)";
				SWIFT_EMIT_LOC_STRINGS = YES;
				SWIFT_VERSION = 5.0;
			};
			name = Release;
		};
		1B86902328AABD8000A3BB13 /* Debug */ = {
			isa = XCBuildConfiguration;
			buildSettings = {
				ALWAYS_EMBED_SWIFT_STANDARD_LIBRARIES = YES;
				BUNDLE_LOADER = "$(TEST_HOST)";
				CODE_SIGN_STYLE = Automatic;
				CURRENT_PROJECT_VERSION = 1;
				DEVELOPMENT_TEAM = PA4ZVVNYSC;
				GENERATE_INFOPLIST_FILE = YES;
				MACOSX_DEPLOYMENT_TARGET = 12.3;
				MARKETING_VERSION = 1.0;
				PRODUCT_BUNDLE_IDENTIFIER = com.pbalinov.QuitYourAppsTests;
				PRODUCT_NAME = "$(TARGET_NAME)";
				SWIFT_EMIT_LOC_STRINGS = NO;
				SWIFT_VERSION = 5.0;
				TEST_HOST = "$(BUILT_PRODUCTS_DIR)/QuitYourApps.app/Contents/MacOS/QuitYourApps";
			};
			name = Debug;
		};
		1B86902428AABD8000A3BB13 /* Release */ = {
			isa = XCBuildConfiguration;
			buildSettings = {
				ALWAYS_EMBED_SWIFT_STANDARD_LIBRARIES = YES;
				BUNDLE_LOADER = "$(TEST_HOST)";
				CODE_SIGN_STYLE = Automatic;
				CURRENT_PROJECT_VERSION = 1;
				DEVELOPMENT_TEAM = PA4ZVVNYSC;
				GENERATE_INFOPLIST_FILE = YES;
				MACOSX_DEPLOYMENT_TARGET = 12.3;
				MARKETING_VERSION = 1.0;
				PRODUCT_BUNDLE_IDENTIFIER = com.pbalinov.QuitYourAppsTests;
				PRODUCT_NAME = "$(TARGET_NAME)";
				SWIFT_EMIT_LOC_STRINGS = NO;
				SWIFT_VERSION = 5.0;
				TEST_HOST = "$(BUILT_PRODUCTS_DIR)/QuitYourApps.app/Contents/MacOS/QuitYourApps";
			};
			name = Release;
		};
		1B86902628AABD8000A3BB13 /* Debug */ = {
			isa = XCBuildConfiguration;
			buildSettings = {
				ALWAYS_EMBED_SWIFT_STANDARD_LIBRARIES = YES;
				CODE_SIGN_STYLE = Automatic;
				CURRENT_PROJECT_VERSION = 1;
				DEVELOPMENT_TEAM = PA4ZVVNYSC;
				GENERATE_INFOPLIST_FILE = YES;
				MARKETING_VERSION = 1.0;
				PRODUCT_BUNDLE_IDENTIFIER = com.pbalinov.QuitYourAppsUITests;
				PRODUCT_NAME = "$(TARGET_NAME)";
				SWIFT_EMIT_LOC_STRINGS = NO;
				SWIFT_VERSION = 5.0;
				TEST_TARGET_NAME = QuitYourApps;
			};
			name = Debug;
		};
		1B86902728AABD8000A3BB13 /* Release */ = {
			isa = XCBuildConfiguration;
			buildSettings = {
				ALWAYS_EMBED_SWIFT_STANDARD_LIBRARIES = YES;
				CODE_SIGN_STYLE = Automatic;
				CURRENT_PROJECT_VERSION = 1;
				DEVELOPMENT_TEAM = PA4ZVVNYSC;
				GENERATE_INFOPLIST_FILE = YES;
				MARKETING_VERSION = 1.0;
				PRODUCT_BUNDLE_IDENTIFIER = com.pbalinov.QuitYourAppsUITests;
				PRODUCT_NAME = "$(TARGET_NAME)";
				SWIFT_EMIT_LOC_STRINGS = NO;
				SWIFT_VERSION = 5.0;
				TEST_TARGET_NAME = QuitYourApps;
			};
			name = Release;
		};
/* End XCBuildConfiguration section */

/* Begin XCConfigurationList section */
		1B868FF528AABD7F00A3BB13 /* Build configuration list for PBXProject "QuitRunningApps" */ = {
			isa = XCConfigurationList;
			buildConfigurations = (
				1B86901D28AABD8000A3BB13 /* Debug */,
				1B86901E28AABD8000A3BB13 /* Release */,
			);
			defaultConfigurationIsVisible = 0;
			defaultConfigurationName = Release;
		};
		1B86901F28AABD8000A3BB13 /* Build configuration list for PBXNativeTarget "QuitRunningApps" */ = {
			isa = XCConfigurationList;
			buildConfigurations = (
				1B86902028AABD8000A3BB13 /* Debug */,
				1B86902128AABD8000A3BB13 /* Release */,
			);
			defaultConfigurationIsVisible = 0;
			defaultConfigurationName = Release;
		};
		1B86902228AABD8000A3BB13 /* Build configuration list for PBXNativeTarget "QuitRunningAppsTests" */ = {
			isa = XCConfigurationList;
			buildConfigurations = (
				1B86902328AABD8000A3BB13 /* Debug */,
				1B86902428AABD8000A3BB13 /* Release */,
			);
			defaultConfigurationIsVisible = 0;
			defaultConfigurationName = Release;
		};
		1B86902528AABD8000A3BB13 /* Build configuration list for PBXNativeTarget "QuitRunningAppsUITests" */ = {
			isa = XCConfigurationList;
			buildConfigurations = (
				1B86902628AABD8000A3BB13 /* Debug */,
				1B86902728AABD8000A3BB13 /* Release */,
			);
			defaultConfigurationIsVisible = 0;
			defaultConfigurationName = Release;
		};
/* End XCConfigurationList section */
	};
	rootObject = 1B868FF228AABD7F00A3BB13 /* Project object */;
}
